// !$*UTF8*$!
{
	archiveVersion = 1;
	classes = {
	};
	objectVersion = 51;
	objects = {

/* Begin PBXBuildFile section */
		37926A251DBDEEDA038706D7 /* Pods_flixsterUITests.framework in Frameworks */ = {isa = PBXBuildFile; fileRef = 2A79E94F2EC50D8ED43EA221 /* Pods_flixsterUITests.framework */; };
		3DE8E316AEC893303F31A8FB /* Pods_flixsterTests.framework in Frameworks */ = {isa = PBXBuildFile; fileRef = 43BF6AE3209BB029E85B2C2C /* Pods_flixsterTests.framework */; };
		415D202823395D1D00484610 /* MovieDetailsViewController.swift in Sources */ = {isa = PBXBuildFile; fileRef = 415D202723395D1D00484610 /* MovieDetailsViewController.swift */; };
		415D202A233966D100484610 /* MovieGridViewController.swift in Sources */ = {isa = PBXBuildFile; fileRef = 415D2029233966D100484610 /* MovieGridViewController.swift */; };
		415D202C23396B2100484610 /* MovieGridCell.swift in Sources */ = {isa = PBXBuildFile; fileRef = 415D202B23396B2100484610 /* MovieGridCell.swift */; };
		41D1F216232FEAA900E3E912 /* AppDelegate.swift in Sources */ = {isa = PBXBuildFile; fileRef = 41D1F215232FEAA900E3E912 /* AppDelegate.swift */; };
		41D1F218232FEAA900E3E912 /* ViewController.swift in Sources */ = {isa = PBXBuildFile; fileRef = 41D1F217232FEAA900E3E912 /* ViewController.swift */; };
		41D1F21B232FEAA900E3E912 /* Main.storyboard in Resources */ = {isa = PBXBuildFile; fileRef = 41D1F219232FEAA900E3E912 /* Main.storyboard */; };
		41D1F21D232FEAAC00E3E912 /* Assets.xcassets in Resources */ = {isa = PBXBuildFile; fileRef = 41D1F21C232FEAAC00E3E912 /* Assets.xcassets */; };
		41D1F220232FEAAC00E3E912 /* LaunchScreen.storyboard in Resources */ = {isa = PBXBuildFile; fileRef = 41D1F21E232FEAAC00E3E912 /* LaunchScreen.storyboard */; };
		41D1F22B232FEAAC00E3E912 /* flixsterTests.swift in Sources */ = {isa = PBXBuildFile; fileRef = 41D1F22A232FEAAC00E3E912 /* flixsterTests.swift */; };
		41D1F236232FEAAC00E3E912 /* flixsterUITests.swift in Sources */ = {isa = PBXBuildFile; fileRef = 41D1F235232FEAAC00E3E912 /* flixsterUITests.swift */; };
		41D1F24C23304A2F00E3E912 /* MovieCell.swift in Sources */ = {isa = PBXBuildFile; fileRef = 41D1F24B23304A2F00E3E912 /* MovieCell.swift */; };
		FB13AB1CA9A34329BC5C1400 /* Pods_flixster.framework in Frameworks */ = {isa = PBXBuildFile; fileRef = 9A26966D02BD7B0591E1E7C4 /* Pods_flixster.framework */; };
/* End PBXBuildFile section */

/* Begin PBXContainerItemProxy section */
		41D1F227232FEAAC00E3E912 /* PBXContainerItemProxy */ = {
			isa = PBXContainerItemProxy;
			containerPortal = 41D1F20A232FEAA900E3E912 /* Project object */;
			proxyType = 1;
			remoteGlobalIDString = 41D1F211232FEAA900E3E912;
			remoteInfo = flixster;
		};
		41D1F232232FEAAC00E3E912 /* PBXContainerItemProxy */ = {
			isa = PBXContainerItemProxy;
			containerPortal = 41D1F20A232FEAA900E3E912 /* Project object */;
			proxyType = 1;
			remoteGlobalIDString = 41D1F211232FEAA900E3E912;
			remoteInfo = flixster;
		};
/* End PBXContainerItemProxy section */

/* Begin PBXFileReference section */
		2775782749675E9FF55EE8FD /* Pods-flixsterUITests.release.xcconfig */ = {isa = PBXFileReference; includeInIndex = 1; lastKnownFileType = text.xcconfig; name = "Pods-flixsterUITests.release.xcconfig"; path = "Target Support Files/Pods-flixsterUITests/Pods-flixsterUITests.release.xcconfig"; sourceTree = "<group>"; };
		28F160FADDE2E888FA8C6273 /* Pods-flixsterUITests.debug.xcconfig */ = {isa = PBXFileReference; includeInIndex = 1; lastKnownFileType = text.xcconfig; name = "Pods-flixsterUITests.debug.xcconfig"; path = "Target Support Files/Pods-flixsterUITests/Pods-flixsterUITests.debug.xcconfig"; sourceTree = "<group>"; };
		2A79E94F2EC50D8ED43EA221 /* Pods_flixsterUITests.framework */ = {isa = PBXFileReference; explicitFileType = wrapper.framework; includeInIndex = 0; path = Pods_flixsterUITests.framework; sourceTree = BUILT_PRODUCTS_DIR; };
		415D202723395D1D00484610 /* MovieDetailsViewController.swift */ = {isa = PBXFileReference; lastKnownFileType = sourcecode.swift; path = MovieDetailsViewController.swift; sourceTree = "<group>"; };
		415D2029233966D100484610 /* MovieGridViewController.swift */ = {isa = PBXFileReference; lastKnownFileType = sourcecode.swift; path = MovieGridViewController.swift; sourceTree = "<group>"; };
		415D202B23396B2100484610 /* MovieGridCell.swift */ = {isa = PBXFileReference; lastKnownFileType = sourcecode.swift; path = MovieGridCell.swift; sourceTree = "<group>"; };
		41D1F212232FEAA900E3E912 /* flixster.app */ = {isa = PBXFileReference; explicitFileType = wrapper.application; includeInIndex = 0; path = flixster.app; sourceTree = BUILT_PRODUCTS_DIR; };
		41D1F215232FEAA900E3E912 /* AppDelegate.swift */ = {isa = PBXFileReference; lastKnownFileType = sourcecode.swift; path = AppDelegate.swift; sourceTree = "<group>"; };
		41D1F217232FEAA900E3E912 /* ViewController.swift */ = {isa = PBXFileReference; lastKnownFileType = sourcecode.swift; path = ViewController.swift; sourceTree = "<group>"; };
		41D1F21A232FEAA900E3E912 /* Base */ = {isa = PBXFileReference; lastKnownFileType = file.storyboard; name = Base; path = Base.lproj/Main.storyboard; sourceTree = "<group>"; };
		41D1F21C232FEAAC00E3E912 /* Assets.xcassets */ = {isa = PBXFileReference; lastKnownFileType = folder.assetcatalog; path = Assets.xcassets; sourceTree = "<group>"; };
		41D1F21F232FEAAC00E3E912 /* Base */ = {isa = PBXFileReference; lastKnownFileType = file.storyboard; name = Base; path = Base.lproj/LaunchScreen.storyboard; sourceTree = "<group>"; };
		41D1F221232FEAAC00E3E912 /* Info.plist */ = {isa = PBXFileReference; lastKnownFileType = text.plist.xml; path = Info.plist; sourceTree = "<group>"; };
		41D1F226232FEAAC00E3E912 /* flixsterTests.xctest */ = {isa = PBXFileReference; explicitFileType = wrapper.cfbundle; includeInIndex = 0; path = flixsterTests.xctest; sourceTree = BUILT_PRODUCTS_DIR; };
		41D1F22A232FEAAC00E3E912 /* flixsterTests.swift */ = {isa = PBXFileReference; lastKnownFileType = sourcecode.swift; path = flixsterTests.swift; sourceTree = "<group>"; };
		41D1F22C232FEAAC00E3E912 /* Info.plist */ = {isa = PBXFileReference; lastKnownFileType = text.plist.xml; path = Info.plist; sourceTree = "<group>"; };
		41D1F231232FEAAC00E3E912 /* flixsterUITests.xctest */ = {isa = PBXFileReference; explicitFileType = wrapper.cfbundle; includeInIndex = 0; path = flixsterUITests.xctest; sourceTree = BUILT_PRODUCTS_DIR; };
		41D1F235232FEAAC00E3E912 /* flixsterUITests.swift */ = {isa = PBXFileReference; lastKnownFileType = sourcecode.swift; path = flixsterUITests.swift; sourceTree = "<group>"; };
		41D1F237232FEAAC00E3E912 /* Info.plist */ = {isa = PBXFileReference; lastKnownFileType = text.plist.xml; path = Info.plist; sourceTree = "<group>"; };
		41D1F24B23304A2F00E3E912 /* MovieCell.swift */ = {isa = PBXFileReference; lastKnownFileType = sourcecode.swift; path = MovieCell.swift; sourceTree = "<group>"; };
		43BF6AE3209BB029E85B2C2C /* Pods_flixsterTests.framework */ = {isa = PBXFileReference; explicitFileType = wrapper.framework; includeInIndex = 0; path = Pods_flixsterTests.framework; sourceTree = BUILT_PRODUCTS_DIR; };
		6FF2B539EC45F9244B91CE37 /* Pods-flixsterTests.debug.xcconfig */ = {isa = PBXFileReference; includeInIndex = 1; lastKnownFileType = text.xcconfig; name = "Pods-flixsterTests.debug.xcconfig"; path = "Target Support Files/Pods-flixsterTests/Pods-flixsterTests.debug.xcconfig"; sourceTree = "<group>"; };
		99C371E9B18898AC34104081 /* Pods-flixster.debug.xcconfig */ = {isa = PBXFileReference; includeInIndex = 1; lastKnownFileType = text.xcconfig; name = "Pods-flixster.debug.xcconfig"; path = "Target Support Files/Pods-flixster/Pods-flixster.debug.xcconfig"; sourceTree = "<group>"; };
		9A26966D02BD7B0591E1E7C4 /* Pods_flixster.framework */ = {isa = PBXFileReference; explicitFileType = wrapper.framework; includeInIndex = 0; path = Pods_flixster.framework; sourceTree = BUILT_PRODUCTS_DIR; };
		ADAC80ECC918DD0FA82570ED /* Pods-flixster.release.xcconfig */ = {isa = PBXFileReference; includeInIndex = 1; lastKnownFileType = text.xcconfig; name = "Pods-flixster.release.xcconfig"; path = "Target Support Files/Pods-flixster/Pods-flixster.release.xcconfig"; sourceTree = "<group>"; };
		FC600AFFFDA746FFA377EDBD /* Pods-flixsterTests.release.xcconfig */ = {isa = PBXFileReference; includeInIndex = 1; lastKnownFileType = text.xcconfig; name = "Pods-flixsterTests.release.xcconfig"; path = "Target Support Files/Pods-flixsterTests/Pods-flixsterTests.release.xcconfig"; sourceTree = "<group>"; };
/* End PBXFileReference section */

/* Begin PBXFrameworksBuildPhase section */
		41D1F20F232FEAA900E3E912 /* Frameworks */ = {
			isa = PBXFrameworksBuildPhase;
			buildActionMask = 2147483647;
			files = (
				FB13AB1CA9A34329BC5C1400 /* Pods_flixster.framework in Frameworks */,
			);
			runOnlyForDeploymentPostprocessing = 0;
		};
		41D1F223232FEAAC00E3E912 /* Frameworks */ = {
			isa = PBXFrameworksBuildPhase;
			buildActionMask = 2147483647;
			files = (
				3DE8E316AEC893303F31A8FB /* Pods_flixsterTests.framework in Frameworks */,
			);
			runOnlyForDeploymentPostprocessing = 0;
		};
		41D1F22E232FEAAC00E3E912 /* Frameworks */ = {
			isa = PBXFrameworksBuildPhase;
			buildActionMask = 2147483647;
			files = (
				37926A251DBDEEDA038706D7 /* Pods_flixsterUITests.framework in Frameworks */,
			);
			runOnlyForDeploymentPostprocessing = 0;
		};
/* End PBXFrameworksBuildPhase section */

/* Begin PBXGroup section */
		12663E8E7E0EAF0AB0257FC8 /* Frameworks */ = {
			isa = PBXGroup;
			children = (
				9A26966D02BD7B0591E1E7C4 /* Pods_flixster.framework */,
				43BF6AE3209BB029E85B2C2C /* Pods_flixsterTests.framework */,
				2A79E94F2EC50D8ED43EA221 /* Pods_flixsterUITests.framework */,
			);
			name = Frameworks;
			sourceTree = "<group>";
		};
		41D1F209232FEAA900E3E912 = {
			isa = PBXGroup;
			children = (
				41D1F214232FEAA900E3E912 /* flixster */,
				41D1F229232FEAAC00E3E912 /* flixsterTests */,
				41D1F234232FEAAC00E3E912 /* flixsterUITests */,
				41D1F213232FEAA900E3E912 /* Products */,
				7546D157CF360BAA6D236C27 /* Pods */,
				12663E8E7E0EAF0AB0257FC8 /* Frameworks */,
			);
			sourceTree = "<group>";
		};
		41D1F213232FEAA900E3E912 /* Products */ = {
			isa = PBXGroup;
			children = (
				41D1F212232FEAA900E3E912 /* flixster.app */,
				41D1F226232FEAAC00E3E912 /* flixsterTests.xctest */,
				41D1F231232FEAAC00E3E912 /* flixsterUITests.xctest */,
			);
			name = Products;
			sourceTree = "<group>";
		};
		41D1F214232FEAA900E3E912 /* flixster */ = {
			isa = PBXGroup;
			children = (
				41D1F215232FEAA900E3E912 /* AppDelegate.swift */,
				41D1F217232FEAA900E3E912 /* ViewController.swift */,
				41D1F219232FEAA900E3E912 /* Main.storyboard */,
				415D202B23396B2100484610 /* MovieGridCell.swift */,
				415D2029233966D100484610 /* MovieGridViewController.swift */,
				41D1F24B23304A2F00E3E912 /* MovieCell.swift */,
				41D1F21C232FEAAC00E3E912 /* Assets.xcassets */,
				41D1F21E232FEAAC00E3E912 /* LaunchScreen.storyboard */,
				41D1F221232FEAAC00E3E912 /* Info.plist */,
				415D202723395D1D00484610 /* MovieDetailsViewController.swift */,
			);
			path = flixster;
			sourceTree = "<group>";
		};
		41D1F229232FEAAC00E3E912 /* flixsterTests */ = {
			isa = PBXGroup;
			children = (
				41D1F22A232FEAAC00E3E912 /* flixsterTests.swift */,
				41D1F22C232FEAAC00E3E912 /* Info.plist */,
			);
			path = flixsterTests;
			sourceTree = "<group>";
		};
		41D1F234232FEAAC00E3E912 /* flixsterUITests */ = {
			isa = PBXGroup;
			children = (
				41D1F235232FEAAC00E3E912 /* flixsterUITests.swift */,
				41D1F237232FEAAC00E3E912 /* Info.plist */,
			);
			path = flixsterUITests;
			sourceTree = "<group>";
		};
		7546D157CF360BAA6D236C27 /* Pods */ = {
			isa = PBXGroup;
			children = (
				99C371E9B18898AC34104081 /* Pods-flixster.debug.xcconfig */,
				ADAC80ECC918DD0FA82570ED /* Pods-flixster.release.xcconfig */,
				6FF2B539EC45F9244B91CE37 /* Pods-flixsterTests.debug.xcconfig */,
				FC600AFFFDA746FFA377EDBD /* Pods-flixsterTests.release.xcconfig */,
				28F160FADDE2E888FA8C6273 /* Pods-flixsterUITests.debug.xcconfig */,
				2775782749675E9FF55EE8FD /* Pods-flixsterUITests.release.xcconfig */,
			);
			path = Pods;
			sourceTree = "<group>";
		};
/* End PBXGroup section */

/* Begin PBXNativeTarget section */
		41D1F211232FEAA900E3E912 /* flixster */ = {
			isa = PBXNativeTarget;
			buildConfigurationList = 41D1F23A232FEAAC00E3E912 /* Build configuration list for PBXNativeTarget "flixster" */;
			buildPhases = (
				5E6EA5F216C9E512EED94DC5 /* [CP] Check Pods Manifest.lock */,
				41D1F20E232FEAA900E3E912 /* Sources */,
				41D1F20F232FEAA900E3E912 /* Frameworks */,
				41D1F210232FEAA900E3E912 /* Resources */,
				84E22039BB73B85E21D3576D /* [CP] Embed Pods Frameworks */,
			);
			buildRules = (
			);
			dependencies = (
			);
			name = flixster;
			productName = flixster;
			productReference = 41D1F212232FEAA900E3E912 /* flixster.app */;
			productType = "com.apple.product-type.application";
		};
		41D1F225232FEAAC00E3E912 /* flixsterTests */ = {
			isa = PBXNativeTarget;
			buildConfigurationList = 41D1F23D232FEAAC00E3E912 /* Build configuration list for PBXNativeTarget "flixsterTests" */;
			buildPhases = (
				341BEC72E06612A882CE22A5 /* [CP] Check Pods Manifest.lock */,
				41D1F222232FEAAC00E3E912 /* Sources */,
				41D1F223232FEAAC00E3E912 /* Frameworks */,
				41D1F224232FEAAC00E3E912 /* Resources */,
			);
			buildRules = (
			);
			dependencies = (
				41D1F228232FEAAC00E3E912 /* PBXTargetDependency */,
			);
			name = flixsterTests;
			productName = flixsterTests;
			productReference = 41D1F226232FEAAC00E3E912 /* flixsterTests.xctest */;
			productType = "com.apple.product-type.bundle.unit-test";
		};
		41D1F230232FEAAC00E3E912 /* flixsterUITests */ = {
			isa = PBXNativeTarget;
			buildConfigurationList = 41D1F240232FEAAC00E3E912 /* Build configuration list for PBXNativeTarget "flixsterUITests" */;
			buildPhases = (
				702D5D7A4C98E93209DE44F3 /* [CP] Check Pods Manifest.lock */,
				41D1F22D232FEAAC00E3E912 /* Sources */,
				41D1F22E232FEAAC00E3E912 /* Frameworks */,
				41D1F22F232FEAAC00E3E912 /* Resources */,
			);
			buildRules = (
			);
			dependencies = (
				41D1F233232FEAAC00E3E912 /* PBXTargetDependency */,
			);
			name = flixsterUITests;
			productName = flixsterUITests;
			productReference = 41D1F231232FEAAC00E3E912 /* flixsterUITests.xctest */;
			productType = "com.apple.product-type.bundle.ui-testing";
		};
/* End PBXNativeTarget section */

/* Begin PBXProject section */
		41D1F20A232FEAA900E3E912 /* Project object */ = {
			isa = PBXProject;
			attributes = {
				LastSwiftUpdateCheck = 1030;
				LastUpgradeCheck = 1030;
				ORGANIZATIONNAME = "Jeremy Shaw";
				TargetAttributes = {
					41D1F211232FEAA900E3E912 = {
						CreatedOnToolsVersion = 10.3;
					};
					41D1F225232FEAAC00E3E912 = {
						CreatedOnToolsVersion = 10.3;
						TestTargetID = 41D1F211232FEAA900E3E912;
					};
					41D1F230232FEAAC00E3E912 = {
						CreatedOnToolsVersion = 10.3;
						TestTargetID = 41D1F211232FEAA900E3E912;
					};
				};
			};
			buildConfigurationList = 41D1F20D232FEAA900E3E912 /* Build configuration list for PBXProject "flixster" */;
			compatibilityVersion = "Xcode 9.3";
			developmentRegion = en;
			hasScannedForEncodings = 0;
			knownRegions = (
				en,
				Base,
			);
			mainGroup = 41D1F209232FEAA900E3E912;
			productRefGroup = 41D1F213232FEAA900E3E912 /* Products */;
			projectDirPath = "";
			projectRoot = "";
			targets = (
				41D1F211232FEAA900E3E912 /* flixster */,
				41D1F225232FEAAC00E3E912 /* flixsterTests */,
				41D1F230232FEAAC00E3E912 /* flixsterUITests */,
			);
		};
/* End PBXProject section */

/* Begin PBXResourcesBuildPhase section */
		41D1F210232FEAA900E3E912 /* Resources */ = {
			isa = PBXResourcesBuildPhase;
			buildActionMask = 2147483647;
			files = (
				41D1F220232FEAAC00E3E912 /* LaunchScreen.storyboard in Resources */,
				41D1F21D232FEAAC00E3E912 /* Assets.xcassets in Resources */,
				41D1F21B232FEAA900E3E912 /* Main.storyboard in Resources */,
			);
			runOnlyForDeploymentPostprocessing = 0;
		};
		41D1F224232FEAAC00E3E912 /* Resources */ = {
			isa = PBXResourcesBuildPhase;
			buildActionMask = 2147483647;
			files = (
			);
			runOnlyForDeploymentPostprocessing = 0;
		};
		41D1F22F232FEAAC00E3E912 /* Resources */ = {
			isa = PBXResourcesBuildPhase;
			buildActionMask = 2147483647;
			files = (
			);
			runOnlyForDeploymentPostprocessing = 0;
		};
/* End PBXResourcesBuildPhase section */

/* Begin PBXShellScriptBuildPhase section */
		341BEC72E06612A882CE22A5 /* [CP] Check Pods Manifest.lock */ = {
			isa = PBXShellScriptBuildPhase;
			buildActionMask = 2147483647;
			files = (
			);
			inputFileListPaths = (
			);
			inputPaths = (
				"${PODS_PODFILE_DIR_PATH}/Podfile.lock",
				"${PODS_ROOT}/Manifest.lock",
			);
			name = "[CP] Check Pods Manifest.lock";
			outputFileListPaths = (
			);
			outputPaths = (
				"$(DERIVED_FILE_DIR)/Pods-flixsterTests-checkManifestLockResult.txt",
			);
			runOnlyForDeploymentPostprocessing = 0;
			shellPath = /bin/sh;
			shellScript = "diff \"${PODS_PODFILE_DIR_PATH}/Podfile.lock\" \"${PODS_ROOT}/Manifest.lock\" > /dev/null\nif [ $? != 0 ] ; then\n    # print error to STDERR\n    echo \"error: The sandbox is not in sync with the Podfile.lock. Run 'pod install' or update your CocoaPods installation.\" >&2\n    exit 1\nfi\n# This output is used by Xcode 'outputs' to avoid re-running this script phase.\necho \"SUCCESS\" > \"${SCRIPT_OUTPUT_FILE_0}\"\n";
			showEnvVarsInLog = 0;
		};
		5E6EA5F216C9E512EED94DC5 /* [CP] Check Pods Manifest.lock */ = {
			isa = PBXShellScriptBuildPhase;
			buildActionMask = 2147483647;
			files = (
			);
			inputFileListPaths = (
			);
			inputPaths = (
				"${PODS_PODFILE_DIR_PATH}/Podfile.lock",
				"${PODS_ROOT}/Manifest.lock",
			);
			name = "[CP] Check Pods Manifest.lock";
			outputFileListPaths = (
			);
			outputPaths = (
				"$(DERIVED_FILE_DIR)/Pods-flixster-checkManifestLockResult.txt",
			);
			runOnlyForDeploymentPostprocessing = 0;
			shellPath = /bin/sh;
			shellScript = "diff \"${PODS_PODFILE_DIR_PATH}/Podfile.lock\" \"${PODS_ROOT}/Manifest.lock\" > /dev/null\nif [ $? != 0 ] ; then\n    # print error to STDERR\n    echo \"error: The sandbox is not in sync with the Podfile.lock. Run 'pod install' or update your CocoaPods installation.\" >&2\n    exit 1\nfi\n# This output is used by Xcode 'outputs' to avoid re-running this script phase.\necho \"SUCCESS\" > \"${SCRIPT_OUTPUT_FILE_0}\"\n";
			showEnvVarsInLog = 0;
		};
		702D5D7A4C98E93209DE44F3 /* [CP] Check Pods Manifest.lock */ = {
			isa = PBXShellScriptBuildPhase;
			buildActionMask = 2147483647;
			files = (
			);
			inputFileListPaths = (
			);
			inputPaths = (
				"${PODS_PODFILE_DIR_PATH}/Podfile.lock",
				"${PODS_ROOT}/Manifest.lock",
			);
			name = "[CP] Check Pods Manifest.lock";
			outputFileListPaths = (
			);
			outputPaths = (
				"$(DERIVED_FILE_DIR)/Pods-flixsterUITests-checkManifestLockResult.txt",
			);
			runOnlyForDeploymentPostprocessing = 0;
			shellPath = /bin/sh;
			shellScript = "diff \"${PODS_PODFILE_DIR_PATH}/Podfile.lock\" \"${PODS_ROOT}/Manifest.lock\" > /dev/null\nif [ $? != 0 ] ; then\n    # print error to STDERR\n    echo \"error: The sandbox is not in sync with the Podfile.lock. Run 'pod install' or update your CocoaPods installation.\" >&2\n    exit 1\nfi\n# This output is used by Xcode 'outputs' to avoid re-running this script phase.\necho \"SUCCESS\" > \"${SCRIPT_OUTPUT_FILE_0}\"\n";
			showEnvVarsInLog = 0;
		};
		84E22039BB73B85E21D3576D /* [CP] Embed Pods Frameworks */ = {
			isa = PBXShellScriptBuildPhase;
			buildActionMask = 2147483647;
			files = (
			);
			inputFileListPaths = (
				"${PODS_ROOT}/Target Support Files/Pods-flixster/Pods-flixster-frameworks-${CONFIGURATION}-input-files.xcfilelist",
			);
			name = "[CP] Embed Pods Frameworks";
			outputFileListPaths = (
				"${PODS_ROOT}/Target Support Files/Pods-flixster/Pods-flixster-frameworks-${CONFIGURATION}-output-files.xcfilelist",
			);
			runOnlyForDeploymentPostprocessing = 0;
			shellPath = /bin/sh;
			shellScript = "\"${PODS_ROOT}/Target Support Files/Pods-flixster/Pods-flixster-frameworks.sh\"\n";
			showEnvVarsInLog = 0;
		};
/* End PBXShellScriptBuildPhase section */

/* Begin PBXSourcesBuildPhase section */
		41D1F20E232FEAA900E3E912 /* Sources */ = {
			isa = PBXSourcesBuildPhase;
			buildActionMask = 2147483647;
			files = (
				415D202A233966D100484610 /* MovieGridViewController.swift in Sources */,
				415D202823395D1D00484610 /* MovieDetailsViewController.swift in Sources */,
				41D1F218232FEAA900E3E912 /* ViewController.swift in Sources */,
				41D1F216232FEAA900E3E912 /* AppDelegate.swift in Sources */,
				415D202C23396B2100484610 /* MovieGridCell.swift in Sources */,
				41D1F24C23304A2F00E3E912 /* MovieCell.swift in Sources */,
			);
			runOnlyForDeploymentPostprocessing = 0;
		};
		41D1F222232FEAAC00E3E912 /* Sources */ = {
			isa = PBXSourcesBuildPhase;
			buildActionMask = 2147483647;
			files = (
				41D1F22B232FEAAC00E3E912 /* flixsterTests.swift in Sources */,
			);
			runOnlyForDeploymentPostprocessing = 0;
		};
		41D1F22D232FEAAC00E3E912 /* Sources */ = {
			isa = PBXSourcesBuildPhase;
			buildActionMask = 2147483647;
			files = (
				41D1F236232FEAAC00E3E912 /* flixsterUITests.swift in Sources */,
			);
			runOnlyForDeploymentPostprocessing = 0;
		};
/* End PBXSourcesBuildPhase section */

/* Begin PBXTargetDependency section */
		41D1F228232FEAAC00E3E912 /* PBXTargetDependency */ = {
			isa = PBXTargetDependency;
			target = 41D1F211232FEAA900E3E912 /* flixster */;
			targetProxy = 41D1F227232FEAAC00E3E912 /* PBXContainerItemProxy */;
		};
		41D1F233232FEAAC00E3E912 /* PBXTargetDependency */ = {
			isa = PBXTargetDependency;
			target = 41D1F211232FEAA900E3E912 /* flixster */;
			targetProxy = 41D1F232232FEAAC00E3E912 /* PBXContainerItemProxy */;
		};
/* End PBXTargetDependency section */

/* Begin PBXVariantGroup section */
		41D1F219232FEAA900E3E912 /* Main.storyboard */ = {
			isa = PBXVariantGroup;
			children = (
				41D1F21A232FEAA900E3E912 /* Base */,
			);
			name = Main.storyboard;
			sourceTree = "<group>";
		};
		41D1F21E232FEAAC00E3E912 /* LaunchScreen.storyboard */ = {
			isa = PBXVariantGroup;
			children = (
				41D1F21F232FEAAC00E3E912 /* Base */,
			);
			name = LaunchScreen.storyboard;
			sourceTree = "<group>";
		};
/* End PBXVariantGroup section */

/* Begin XCBuildConfiguration section */
		41D1F238232FEAAC00E3E912 /* Debug */ = {
			isa = XCBuildConfiguration;
			buildSettings = {
				ALWAYS_SEARCH_USER_PATHS = NO;
				CLANG_ANALYZER_NONNULL = YES;
				CLANG_ANALYZER_NUMBER_OBJECT_CONVERSION = YES_AGGRESSIVE;
				CLANG_CXX_LANGUAGE_STANDARD = "gnu++14";
				CLANG_CXX_LIBRARY = "libc++";
				CLANG_ENABLE_MODULES = YES;
				CLANG_ENABLE_OBJC_ARC = YES;
				CLANG_ENABLE_OBJC_WEAK = YES;
				CLANG_WARN_BLOCK_CAPTURE_AUTORELEASING = YES;
				CLANG_WARN_BOOL_CONVERSION = YES;
				CLANG_WARN_COMMA = YES;
				CLANG_WARN_CONSTANT_CONVERSION = YES;
				CLANG_WARN_DEPRECATED_OBJC_IMPLEMENTATIONS = YES;
				CLANG_WARN_DIRECT_OBJC_ISA_USAGE = YES_ERROR;
				CLANG_WARN_DOCUMENTATION_COMMENTS = YES;
				CLANG_WARN_EMPTY_BODY = YES;
				CLANG_WARN_ENUM_CONVERSION = YES;
				CLANG_WARN_INFINITE_RECURSION = YES;
				CLANG_WARN_INT_CONVERSION = YES;
				CLANG_WARN_NON_LITERAL_NULL_CONVERSION = YES;
				CLANG_WARN_OBJC_IMPLICIT_RETAIN_SELF = YES;
				CLANG_WARN_OBJC_LITERAL_CONVERSION = YES;
				CLANG_WARN_OBJC_ROOT_CLASS = YES_ERROR;
				CLANG_WARN_RANGE_LOOP_ANALYSIS = YES;
				CLANG_WARN_STRICT_PROTOTYPES = YES;
				CLANG_WARN_SUSPICIOUS_MOVE = YES;
				CLANG_WARN_UNGUARDED_AVAILABILITY = YES_AGGRESSIVE;
				CLANG_WARN_UNREACHABLE_CODE = YES;
				CLANG_WARN__DUPLICATE_METHOD_MATCH = YES;
				CODE_SIGN_IDENTITY = "iPhone Developer";
				COPY_PHASE_STRIP = NO;
				DEBUG_INFORMATION_FORMAT = dwarf;
				ENABLE_STRICT_OBJC_MSGSEND = YES;
				ENABLE_TESTABILITY = YES;
				GCC_C_LANGUAGE_STANDARD = gnu11;
				GCC_DYNAMIC_NO_PIC = NO;
				GCC_NO_COMMON_BLOCKS = YES;
				GCC_OPTIMIZATION_LEVEL = 0;
				GCC_PREPROCESSOR_DEFINITIONS = (
					"DEBUG=1",
					"$(inherited)",
				);
				GCC_WARN_64_TO_32_BIT_CONVERSION = YES;
				GCC_WARN_ABOUT_RETURN_TYPE = YES_ERROR;
				GCC_WARN_UNDECLARED_SELECTOR = YES;
				GCC_WARN_UNINITIALIZED_AUTOS = YES_AGGRESSIVE;
				GCC_WARN_UNUSED_FUNCTION = YES;
				GCC_WARN_UNUSED_VARIABLE = YES;
				IPHONEOS_DEPLOYMENT_TARGET = 12.4;
				MTL_ENABLE_DEBUG_INFO = INCLUDE_SOURCE;
				MTL_FAST_MATH = YES;
				ONLY_ACTIVE_ARCH = YES;
				SDKROOT = iphoneos;
				SWIFT_ACTIVE_COMPILATION_CONDITIONS = DEBUG;
				SWIFT_OPTIMIZATION_LEVEL = "-Onone";
			};
			name = Debug;
		};
		41D1F239232FEAAC00E3E912 /* Release */ = {
			isa = XCBuildConfiguration;
			buildSettings = {
				ALWAYS_SEARCH_USER_PATHS = NO;
				CLANG_ANALYZER_NONNULL = YES;
				CLANG_ANALYZER_NUMBER_OBJECT_CONVERSION = YES_AGGRESSIVE;
				CLANG_CXX_LANGUAGE_STANDARD = "gnu++14";
				CLANG_CXX_LIBRARY = "libc++";
				CLANG_ENABLE_MODULES = YES;
				CLANG_ENABLE_OBJC_ARC = YES;
				CLANG_ENABLE_OBJC_WEAK = YES;
				CLANG_WARN_BLOCK_CAPTURE_AUTORELEASING = YES;
				CLANG_WARN_BOOL_CONVERSION = YES;
				CLANG_WARN_COMMA = YES;
				CLANG_WARN_CONSTANT_CONVERSION = YES;
				CLANG_WARN_DEPRECATED_OBJC_IMPLEMENTATIONS = YES;
				CLANG_WARN_DIRECT_OBJC_ISA_USAGE = YES_ERROR;
				CLANG_WARN_DOCUMENTATION_COMMENTS = YES;
				CLANG_WARN_EMPTY_BODY = YES;
				CLANG_WARN_ENUM_CONVERSION = YES;
				CLANG_WARN_INFINITE_RECURSION = YES;
				CLANG_WARN_INT_CONVERSION = YES;
				CLANG_WARN_NON_LITERAL_NULL_CONVERSION = YES;
				CLANG_WARN_OBJC_IMPLICIT_RETAIN_SELF = YES;
				CLANG_WARN_OBJC_LITERAL_CONVERSION = YES;
				CLANG_WARN_OBJC_ROOT_CLASS = YES_ERROR;
				CLANG_WARN_RANGE_LOOP_ANALYSIS = YES;
				CLANG_WARN_STRICT_PROTOTYPES = YES;
				CLANG_WARN_SUSPICIOUS_MOVE = YES;
				CLANG_WARN_UNGUARDED_AVAILABILITY = YES_AGGRESSIVE;
				CLANG_WARN_UNREACHABLE_CODE = YES;
				CLANG_WARN__DUPLICATE_METHOD_MATCH = YES;
				CODE_SIGN_IDENTITY = "iPhone Developer";
				COPY_PHASE_STRIP = NO;
				DEBUG_INFORMATION_FORMAT = "dwarf-with-dsym";
				ENABLE_NS_ASSERTIONS = NO;
				ENABLE_STRICT_OBJC_MSGSEND = YES;
				GCC_C_LANGUAGE_STANDARD = gnu11;
				GCC_NO_COMMON_BLOCKS = YES;
				GCC_WARN_64_TO_32_BIT_CONVERSION = YES;
				GCC_WARN_ABOUT_RETURN_TYPE = YES_ERROR;
				GCC_WARN_UNDECLARED_SELECTOR = YES;
				GCC_WARN_UNINITIALIZED_AUTOS = YES_AGGRESSIVE;
				GCC_WARN_UNUSED_FUNCTION = YES;
				GCC_WARN_UNUSED_VARIABLE = YES;
				IPHONEOS_DEPLOYMENT_TARGET = 12.4;
				MTL_ENABLE_DEBUG_INFO = NO;
				MTL_FAST_MATH = YES;
				SDKROOT = iphoneos;
				SWIFT_COMPILATION_MODE = wholemodule;
				SWIFT_OPTIMIZATION_LEVEL = "-O";
				VALIDATE_PRODUCT = YES;
			};
			name = Release;
		};
		41D1F23B232FEAAC00E3E912 /* Debug */ = {
			isa = XCBuildConfiguration;
			baseConfigurationReference = 99C371E9B18898AC34104081 /* Pods-flixster.debug.xcconfig */;
			buildSettings = {
				ASSETCATALOG_COMPILER_APPICON_NAME = AppIcon;
				CODE_SIGN_STYLE = Automatic;
				DEVELOPMENT_TEAM = 5V2396A4QT;
				INFOPLIST_FILE = flixster/Info.plist;
				LD_RUNPATH_SEARCH_PATHS = (
					"$(inherited)",
					"@executable_path/Frameworks",
				);
				PRODUCT_BUNDLE_IDENTIFIER = jeshaw.flixster;
				PRODUCT_NAME = "$(TARGET_NAME)";
				SWIFT_VERSION = 5.0;
				TARGETED_DEVICE_FAMILY = "1,2";
			};
			name = Debug;
		};
		41D1F23C232FEAAC00E3E912 /* Release */ = {
			isa = XCBuildConfiguration;
			baseConfigurationReference = ADAC80ECC918DD0FA82570ED /* Pods-flixster.release.xcconfig */;
			buildSettings = {
				ASSETCATALOG_COMPILER_APPICON_NAME = AppIcon;
				CODE_SIGN_STYLE = Automatic;
				DEVELOPMENT_TEAM = 5V2396A4QT;
				INFOPLIST_FILE = flixster/Info.plist;
				LD_RUNPATH_SEARCH_PATHS = (
					"$(inherited)",
					"@executable_path/Frameworks",
				);
				PRODUCT_BUNDLE_IDENTIFIER = jeshaw.flixster;
				PRODUCT_NAME = "$(TARGET_NAME)";
				SWIFT_VERSION = 5.0;
				TARGETED_DEVICE_FAMILY = "1,2";
			};
			name = Release;
		};
		41D1F23E232FEAAC00E3E912 /* Debug */ = {
			isa = XCBuildConfiguration;
			baseConfigurationReference = 6FF2B539EC45F9244B91CE37 /* Pods-flixsterTests.debug.xcconfig */;
			buildSettings = {
				ALWAYS_EMBED_SWIFT_STANDARD_LIBRARIES = YES;
				BUNDLE_LOADER = "$(TEST_HOST)";
				CODE_SIGN_STYLE = Automatic;
				INFOPLIST_FILE = flixsterTests/Info.plist;
				LD_RUNPATH_SEARCH_PATHS = (
					"$(inherited)",
					"@executable_path/Frameworks",
					"@loader_path/Frameworks",
				);
				PRODUCT_BUNDLE_IDENTIFIER = jeshaw.flixsterTests;
				PRODUCT_NAME = "$(TARGET_NAME)";
				SWIFT_VERSION = 5.0;
				TARGETED_DEVICE_FAMILY = "1,2";
				TEST_HOST = "$(BUILT_PRODUCTS_DIR)/flixster.app/flixster";
			};
			name = Debug;
		};
		41D1F23F232FEAAC00E3E912 /* Release */ = {
			isa = XCBuildConfiguration;
			baseConfigurationReference = FC600AFFFDA746FFA377EDBD /* Pods-flixsterTests.release.xcconfig */;
			buildSettings = {
				ALWAYS_EMBED_SWIFT_STANDARD_LIBRARIES = YES;
				BUNDLE_LOADER = "$(TEST_HOST)";
				CODE_SIGN_STYLE = Automatic;
				INFOPLIST_FILE = flixsterTests/Info.plist;
				LD_RUNPATH_SEARCH_PATHS = (
					"$(inherited)",
					"@executable_path/Frameworks",
					"@loader_path/Frameworks",
				);
				PRODUCT_BUNDLE_IDENTIFIER = jeshaw.flixsterTests;
				PRODUCT_NAME = "$(TARGET_NAME)";
				SWIFT_VERSION = 5.0;
				TARGETED_DEVICE_FAMILY = "1,2";
				TEST_HOST = "$(BUILT_PRODUCTS_DIR)/flixster.app/flixster";
			};
			name = Release;
		};
		41D1F241232FEAAC00E3E912 /* Debug */ = {
			isa = XCBuildConfiguration;
			baseConfigurationReference = 28F160FADDE2E888FA8C6273 /* Pods-flixsterUITests.debug.xcconfig */;
			buildSettings = {
				ALWAYS_EMBED_SWIFT_STANDARD_LIBRARIES = YES;
				CODE_SIGN_STYLE = Automatic;
				INFOPLIST_FILE = flixsterUITests/Info.plist;
				LD_RUNPATH_SEARCH_PATHS = (
					"$(inherited)",
					"@executable_path/Frameworks",
					"@loader_path/Frameworks",
				);
				PRODUCT_BUNDLE_IDENTIFIER = jeshaw.flixsterUITests;
				PRODUCT_NAME = "$(TARGET_NAME)";
				SWIFT_VERSION = 5.0;
				TARGETED_DEVICE_FAMILY = "1,2";
				TEST_TARGET_NAME = flixster;
			};
			name = Debug;
		};
		41D1F242232FEAAC00E3E912 /* Release */ = {
			isa = XCBuildConfiguration;
			baseConfigurationReference = 2775782749675E9FF55EE8FD /* Pods-flixsterUITests.release.xcconfig */;
			buildSettings = {
				ALWAYS_EMBED_SWIFT_STANDARD_LIBRARIES = YES;
				CODE_SIGN_STYLE = Automatic;
				INFOPLIST_FILE = flixsterUITests/Info.plist;
				LD_RUNPATH_SEARCH_PATHS = (
					"$(inherited)",
					"@executable_path/Frameworks",
					"@loader_path/Frameworks",
				);
				PRODUCT_BUNDLE_IDENTIFIER = jeshaw.flixsterUITests;
				PRODUCT_NAME = "$(TARGET_NAME)";
				SWIFT_VERSION = 5.0;
				TARGETED_DEVICE_FAMILY = "1,2";
				TEST_TARGET_NAME = flixster;
			};
			name = Release;
		};
/* End XCBuildConfiguration section */

/* Begin XCConfigurationList section */
		41D1F20D232FEAA900E3E912 /* Build configuration list for PBXProject "flixster" */ = {
			isa = XCConfigurationList;
			buildConfigurations = (
				41D1F238232FEAAC00E3E912 /* Debug */,
				41D1F239232FEAAC00E3E912 /* Release */,
			);
			defaultConfigurationIsVisible = 0;
			defaultConfigurationName = Release;
		};
		41D1F23A232FEAAC00E3E912 /* Build configuration list for PBXNativeTarget "flixster" */ = {
			isa = XCConfigurationList;
			buildConfigurations = (
				41D1F23B232FEAAC00E3E912 /* Debug */,
				41D1F23C232FEAAC00E3E912 /* Release */,
			);
			defaultConfigurationIsVisible = 0;
			defaultConfigurationName = Release;
		};
		41D1F23D232FEAAC00E3E912 /* Build configuration list for PBXNativeTarget "flixsterTests" */ = {
			isa = XCConfigurationList;
			buildConfigurations = (
				41D1F23E232FEAAC00E3E912 /* Debug */,
				41D1F23F232FEAAC00E3E912 /* Release */,
			);
			defaultConfigurationIsVisible = 0;
			defaultConfigurationName = Release;
		};
		41D1F240232FEAAC00E3E912 /* Build configuration list for PBXNativeTarget "flixsterUITests" */ = {
			isa = XCConfigurationList;
			buildConfigurations = (
				41D1F241232FEAAC00E3E912 /* Debug */,
				41D1F242232FEAAC00E3E912 /* Release */,
			);
			defaultConfigurationIsVisible = 0;
			defaultConfigurationName = Release;
		};
/* End XCConfigurationList section */
	};
	rootObject = 41D1F20A232FEAA900E3E912 /* Project object */;
}
